<?xml version="1.0" encoding="utf-8"?>
<Project ToolsVersion="4.0" xmlns="http://schemas.microsoft.com/developer/msbuild/2003">
  <ItemGroup>
    <Filter Include="소스 파일">
      <UniqueIdentifier>{4FC737F1-C7A5-4376-A066-2A32D752A2FF}</UniqueIdentifier>
      <Extensions>cpp;c;cc;cxx;c++;cppm;ixx;def;odl;idl;hpj;bat;asm;asmx</Extensions>
    </Filter>
    <Filter Include="헤더 파일">
      <UniqueIdentifier>{93995380-89BD-4b04-88EB-625FBE52EBFB}</UniqueIdentifier>
      <Extensions>h;hh;hpp;hxx;h++;hm;inl;inc;ipp;xsd</Extensions>
    </Filter>
    <Filter Include="리소스 파일">
      <UniqueIdentifier>{67DA6AB6-F800-4c08-8B7A-83BB121AAD01}</UniqueIdentifier>
      <Extensions>rc;ico;cur;bmp;dlg;rc2;rct;bin;rgs;gif;jpg;jpeg;jpe;resx;tiff;tif;png;wav;mfcribbon-ms</Extensions>
    </Filter>
    <Filter Include="소스 파일\클래스">
      <UniqueIdentifier>{c8d72ac5-9c6f-4719-9bfb-3c2ead502dee}</UniqueIdentifier>
    </Filter>
    <Filter Include="소스 파일\레퍼런스">
      <UniqueIdentifier>{5f3e7461-86e9-46d6-a8ce-422fffcd0333}</UniqueIdentifier>
    </Filter>
    <Filter Include="소스 파일\입출력">
      <UniqueIdentifier>{483ba2c5-d062-426d-a333-5d3d1f055062}</UniqueIdentifier>
    </Filter>
    <Filter Include="소스 파일\기본값">
      <UniqueIdentifier>{a9cd1edc-2918-4bb0-aad4-ba43a24e4449}</UniqueIdentifier>
    </Filter>
    <Filter Include="소스 파일\인라인">
      <UniqueIdentifier>{4f667d74-c988-4d28-b186-9a4f436d9465}</UniqueIdentifier>
    </Filter>
    <Filter Include="소스 파일\오버로딩">
      <UniqueIdentifier>{acbf9075-3c98-4565-a2a8-6fc5ce928bc0}</UniqueIdentifier>
    </Filter>
  </ItemGroup>
  <ItemGroup>
    <ClCompile Include="template.cpp">
      <Filter>소스 파일</Filter>
    </ClCompile>
    <ClCompile Include="HumanClass.cpp">
      <Filter>소스 파일\클래스</Filter>
    </ClCompile>
    <ClCompile Include="access.cpp">
      <Filter>소스 파일\클래스</Filter>
    </ClCompile>
    <ClCompile Include="callref.cpp">
      <Filter>소스 파일\레퍼런스</Filter>
    </ClCompile>
    <ClCompile Include="cin.cpp">
      <Filter>소스 파일\입출력</Filter>
    </ClCompile>
    <ClCompile Include="cout.cpp">
      <Filter>소스 파일\입출력</Filter>
    </ClCompile>
    <ClCompile Include="defpara.cpp">
      <Filter>소스 파일\기본값</Filter>
    </ClCompile>
    <ClCompile Include="HumanStruct2.cpp">
      <Filter>소스 파일\클래스</Filter>
    </ClCompile>
    <ClCompile Include="HumanStruct3.cpp">
      <Filter>소스 파일\클래스</Filter>
    </ClCompile>
    <ClCompile Include="inlinefunc.cpp">
      <Filter>소스 파일\인라인</Filter>
    </ClCompile>
    <ClCompile Include="Overload.cpp">
      <Filter>소스 파일\오버로딩</Filter>
    </ClCompile>
    <ClCompile Include="ref1.cpp">
      <Filter>소스 파일\레퍼런스</Filter>
    </ClCompile>
    <ClCompile Include="refptr.cpp">
      <Filter>소스 파일\레퍼런스</Filter>
    </ClCompile>
    <ClCompile Include="refreturn.cpp">
      <Filter>소스 파일\레퍼런스</Filter>
    </ClCompile>
    <ClCompile Include="HumanType.cpp">
      <Filter>소스 파일\클래스</Filter>
    </ClCompile>
    <ClCompile Include="Time.cpp">
      <Filter>소스 파일\클래스</Filter>
    </ClCompile>
    <ClCompile Include="constructor.cpp">
      <Filter>소스 파일\클래스</Filter>
    </ClCompile>
    <ClCompile Include="Destructor.cpp">
      <Filter>소스 파일\클래스</Filter>
    </ClCompile>
    <ClCompile Include="newHuman.cpp">
      <Filter>소스 파일\클래스</Filter>
    </ClCompile>
    <ClCompile Include="NoDefCon.cpp">
      <Filter>소스 파일\클래스</Filter>
    </ClCompile>
    <ClCompile Include="TimeCopy.cpp">
      <Filter>소스 파일\클래스</Filter>
    </ClCompile>
    <ClCompile Include="HumanCopy.cpp">
      <Filter>소스 파일\클래스</Filter>
    </ClCompile>
    <ClCompile Include="CopyConstructor.cpp">
      <Filter>소스 파일\클래스</Filter>
    </ClCompile>
    <ClCompile Include="initConstMember.cpp">
      <Filter>소스 파일\클래스</Filter>
    </ClCompile>
  </ItemGroup>
</Project>